// !$*UTF8*$!
{
	archiveVersion = 1;
	classes = {
	};
	objectVersion = 56;
	objects = {

/* Begin PBXBuildFile section */
		BBB22C6E2C21AFC500FCB9CF /* ChoosingSneakersViewController.swift in Sources */ = {isa = PBXBuildFile; fileRef = BBB22C6D2C21AFC500FCB9CF /* ChoosingSneakersViewController.swift */; };
		BBB22C722C21D6A300FCB9CF /* SneakerCharacteristicks.swift in Sources */ = {isa = PBXBuildFile; fileRef = BBB22C712C21D6A300FCB9CF /* SneakerCharacteristicks.swift */; };
		BBB22C742C21F2A900FCB9CF /* PaymentViewController.swift in Sources */ = {isa = PBXBuildFile; fileRef = BBB22C732C21F2A900FCB9CF /* PaymentViewController.swift */; };
		BBF666FB2C20D1F200B42767 /* AppDelegate.swift in Sources */ = {isa = PBXBuildFile; fileRef = BBF666FA2C20D1F200B42767 /* AppDelegate.swift */; };
		BBF666FD2C20D1F200B42767 /* SceneDelegate.swift in Sources */ = {isa = PBXBuildFile; fileRef = BBF666FC2C20D1F200B42767 /* SceneDelegate.swift */; };
		BBF666FF2C20D1F200B42767 /* LoginViewController.swift in Sources */ = {isa = PBXBuildFile; fileRef = BBF666FE2C20D1F200B42767 /* LoginViewController.swift */; };
		BBF667022C20D1F200B42767 /* Base in Resources */ = {isa = PBXBuildFile; fileRef = BBF667012C20D1F200B42767 /* Base */; };
		BBF667042C20D1F400B42767 /* Assets.xcassets in Resources */ = {isa = PBXBuildFile; fileRef = BBF667032C20D1F400B42767 /* Assets.xcassets */; };
		BBF667072C20D1F400B42767 /* Base in Resources */ = {isa = PBXBuildFile; fileRef = BBF667062C20D1F400B42767 /* Base */; };
/* End PBXBuildFile section */

/* Begin PBXFileReference section */
		BBB22C6D2C21AFC500FCB9CF /* ChoosingSneakersViewController.swift */ = {isa = PBXFileReference; lastKnownFileType = sourcecode.swift; path = ChoosingSneakersViewController.swift; sourceTree = "<group>"; };
		BBB22C712C21D6A300FCB9CF /* SneakerCharacteristicks.swift */ = {isa = PBXFileReference; lastKnownFileType = sourcecode.swift; path = SneakerCharacteristicks.swift; sourceTree = "<group>"; };
		BBB22C732C21F2A900FCB9CF /* PaymentViewController.swift */ = {isa = PBXFileReference; lastKnownFileType = sourcecode.swift; path = PaymentViewController.swift; sourceTree = "<group>"; };
		BBF666F72C20D1F200B42767 /* OnlineStore.app */ = {isa = PBXFileReference; explicitFileType = wrapper.application; includeInIndex = 0; path = OnlineStore.app; sourceTree = BUILT_PRODUCTS_DIR; };
		BBF666FA2C20D1F200B42767 /* AppDelegate.swift */ = {isa = PBXFileReference; lastKnownFileType = sourcecode.swift; path = AppDelegate.swift; sourceTree = "<group>"; };
		BBF666FC2C20D1F200B42767 /* SceneDelegate.swift */ = {isa = PBXFileReference; lastKnownFileType = sourcecode.swift; path = SceneDelegate.swift; sourceTree = "<group>"; };
		BBF666FE2C20D1F200B42767 /* LoginViewController.swift */ = {isa = PBXFileReference; lastKnownFileType = sourcecode.swift; path = LoginViewController.swift; sourceTree = "<group>"; };
		BBF667012C20D1F200B42767 /* Base */ = {isa = PBXFileReference; lastKnownFileType = file.storyboard; name = Base; path = Base.lproj/Main.storyboard; sourceTree = "<group>"; };
		BBF667032C20D1F400B42767 /* Assets.xcassets */ = {isa = PBXFileReference; lastKnownFileType = folder.assetcatalog; path = Assets.xcassets; sourceTree = "<group>"; };
		BBF667062C20D1F400B42767 /* Base */ = {isa = PBXFileReference; lastKnownFileType = file.storyboard; name = Base; path = Base.lproj/LaunchScreen.storyboard; sourceTree = "<group>"; };
		BBF667082C20D1F400B42767 /* Info.plist */ = {isa = PBXFileReference; lastKnownFileType = text.plist.xml; path = Info.plist; sourceTree = "<group>"; };
/* End PBXFileReference section */

/* Begin PBXFrameworksBuildPhase section */
		BBF666F42C20D1F200B42767 /* Frameworks */ = {
			isa = PBXFrameworksBuildPhase;
			buildActionMask = 2147483647;
			files = (
			);
			runOnlyForDeploymentPostprocessing = 0;
		};
/* End PBXFrameworksBuildPhase section */

/* Begin PBXGroup section */
		BBB22C6F2C21D5C500FCB9CF /* ViewControllers */ = {
			isa = PBXGroup;
			children = (
				BBF666FE2C20D1F200B42767 /* LoginViewController.swift */,
				BBB22C6D2C21AFC500FCB9CF /* ChoosingSneakersViewController.swift */,
				BBB22C732C21F2A900FCB9CF /* PaymentViewController.swift */,
			);
			path = ViewControllers;
			sourceTree = "<group>";
		};
		BBB22C702C21D66700FCB9CF /* Models */ = {
			isa = PBXGroup;
			children = (
				BBB22C712C21D6A300FCB9CF /* SneakerCharacteristicks.swift */,
			);
			path = Models;
			sourceTree = "<group>";
		};
		BBF666EE2C20D1F200B42767 = {
			isa = PBXGroup;
			children = (
				BBF666F92C20D1F200B42767 /* OnlineStore */,
				BBF666F82C20D1F200B42767 /* Products */,
			);
			sourceTree = "<group>";
		};
		BBF666F82C20D1F200B42767 /* Products */ = {
			isa = PBXGroup;
			children = (
				BBF666F72C20D1F200B42767 /* OnlineStore.app */,
			);
			name = Products;
			sourceTree = "<group>";
		};
		BBF666F92C20D1F200B42767 /* OnlineStore */ = {
			isa = PBXGroup;
			children = (
				BBF666FA2C20D1F200B42767 /* AppDelegate.swift */,
				BBF666FC2C20D1F200B42767 /* SceneDelegate.swift */,
				BBB22C702C21D66700FCB9CF /* Models */,
				BBB22C6F2C21D5C500FCB9CF /* ViewControllers */,
				BBF667002C20D1F200B42767 /* Main.storyboard */,
				BBF667032C20D1F400B42767 /* Assets.xcassets */,
				BBF667052C20D1F400B42767 /* LaunchScreen.storyboard */,
				BBF667082C20D1F400B42767 /* Info.plist */,
			);
			path = OnlineStore;
			sourceTree = "<group>";
		};
/* End PBXGroup section */

/* Begin PBXNativeTarget section */
		BBF666F62C20D1F200B42767 /* OnlineStore */ = {
			isa = PBXNativeTarget;
			buildConfigurationList = BBF6670B2C20D1F400B42767 /* Build configuration list for PBXNativeTarget "OnlineStore" */;
			buildPhases = (
				BBF666F32C20D1F200B42767 /* Sources */,
				BBF666F42C20D1F200B42767 /* Frameworks */,
				BBF666F52C20D1F200B42767 /* Resources */,
			);
			buildRules = (
			);
			dependencies = (
			);
			name = OnlineStore;
			productName = OnlineStore;
			productReference = BBF666F72C20D1F200B42767 /* OnlineStore.app */;
			productType = "com.apple.product-type.application";
		};
/* End PBXNativeTarget section */

/* Begin PBXProject section */
		BBF666EF2C20D1F200B42767 /* Project object */ = {
			isa = PBXProject;
			attributes = {
				BuildIndependentTargetsInParallel = 1;
				LastSwiftUpdateCheck = 1540;
				LastUpgradeCheck = 1540;
				TargetAttributes = {
					BBF666F62C20D1F200B42767 = {
						CreatedOnToolsVersion = 15.4;
					};
				};
			};
			buildConfigurationList = BBF666F22C20D1F200B42767 /* Build configuration list for PBXProject "OnlineStore" */;
			compatibilityVersion = "Xcode 14.0";
			developmentRegion = en;
			hasScannedForEncodings = 0;
			knownRegions = (
				en,
				Base,
			);
			mainGroup = BBF666EE2C20D1F200B42767;
			productRefGroup = BBF666F82C20D1F200B42767 /* Products */;
			projectDirPath = "";
			projectRoot = "";
			targets = (
				BBF666F62C20D1F200B42767 /* OnlineStore */,
			);
		};
/* End PBXProject section */

/* Begin PBXResourcesBuildPhase section */
		BBF666F52C20D1F200B42767 /* Resources */ = {
			isa = PBXResourcesBuildPhase;
			buildActionMask = 2147483647;
			files = (
				BBF667042C20D1F400B42767 /* Assets.xcassets in Resources */,
				BBF667072C20D1F400B42767 /* Base in Resources */,
				BBF667022C20D1F200B42767 /* Base in Resources */,
			);
			runOnlyForDeploymentPostprocessing = 0;
		};
/* End PBXResourcesBuildPhase section */

/* Begin PBXSourcesBuildPhase section */
		BBF666F32C20D1F200B42767 /* Sources */ = {
			isa = PBXSourcesBuildPhase;
			buildActionMask = 2147483647;
			files = (
				BBB22C6E2C21AFC500FCB9CF /* ChoosingSneakersViewController.swift in Sources */,
				BBB22C742C21F2A900FCB9CF /* PaymentViewController.swift in Sources */,
				BBF666FF2C20D1F200B42767 /* LoginViewController.swift in Sources */,
				BBB22C722C21D6A300FCB9CF /* SneakerCharacteristicks.swift in Sources */,
				BBF666FB2C20D1F200B42767 /* AppDelegate.swift in Sources */,
				BBF666FD2C20D1F200B42767 /* SceneDelegate.swift in Sources */,
			);
			runOnlyForDeploymentPostprocessing = 0;
		};
/* End PBXSourcesBuildPhase section */

/* Begin PBXVariantGroup section */
		BBF667002C20D1F200B42767 /* Main.storyboard */ = {
			isa = PBXVariantGroup;
			children = (
				BBF667012C20D1F200B42767 /* Base */,
			);
			name = Main.storyboard;
			sourceTree = "<group>";
		};
		BBF667052C20D1F400B42767 /* LaunchScreen.storyboard */ = {
			isa = PBXVariantGroup;
			children = (
				BBF667062C20D1F400B42767 /* Base */,
			);
			name = LaunchScreen.storyboard;
			sourceTree = "<group>";
		};
/* End PBXVariantGroup section */

/* Begin XCBuildConfiguration section */
		BBF667092C20D1F400B42767 /* Debug */ = {
			isa = XCBuildConfiguration;
			buildSettings = {
				ALWAYS_SEARCH_USER_PATHS = NO;
				ASSETCATALOG_COMPILER_GENERATE_SWIFT_ASSET_SYMBOL_EXTENSIONS = YES;
				CLANG_ANALYZER_NONNULL = YES;
				CLANG_ANALYZER_NUMBER_OBJECT_CONVERSION = YES_AGGRESSIVE;
				CLANG_CXX_LANGUAGE_STANDARD = "gnu++20";
				CLANG_ENABLE_MODULES = YES;
				CLANG_ENABLE_OBJC_ARC = YES;
				CLANG_ENABLE_OBJC_WEAK = YES;
				CLANG_WARN_BLOCK_CAPTURE_AUTORELEASING = YES;
				CLANG_WARN_BOOL_CONVERSION = YES;
				CLANG_WARN_COMMA = YES;
				CLANG_WARN_CONSTANT_CONVERSION = YES;
				CLANG_WARN_DEPRECATED_OBJC_IMPLEMENTATIONS = YES;
				CLANG_WARN_DIRECT_OBJC_ISA_USAGE = YES_ERROR;
				CLANG_WARN_DOCUMENTATION_COMMENTS = YES;
				CLANG_WARN_EMPTY_BODY = YES;
				CLANG_WARN_ENUM_CONVERSION = YES;
				CLANG_WARN_INFINITE_RECURSION = YES;
				CLANG_WARN_INT_CONVERSION = YES;
				CLANG_WARN_NON_LITERAL_NULL_CONVERSION = YES;
				CLANG_WARN_OBJC_IMPLICIT_RETAIN_SELF = YES;
				CLANG_WARN_OBJC_LITERAL_CONVERSION = YES;
				CLANG_WARN_OBJC_ROOT_CLASS = YES_ERROR;
				CLANG_WARN_QUOTED_INCLUDE_IN_FRAMEWORK_HEADER = YES;
				CLANG_WARN_RANGE_LOOP_ANALYSIS = YES;
				CLANG_WARN_STRICT_PROTOTYPES = YES;
				CLANG_WARN_SUSPICIOUS_MOVE = YES;
				CLANG_WARN_UNGUARDED_AVAILABILITY = YES_AGGRESSIVE;
				CLANG_WARN_UNREACHABLE_CODE = YES;
				CLANG_WARN__DUPLICATE_METHOD_MATCH = YES;
				COPY_PHASE_STRIP = NO;
				DEBUG_INFORMATION_FORMAT = dwarf;
				ENABLE_STRICT_OBJC_MSGSEND = YES;
				ENABLE_TESTABILITY = YES;
				ENABLE_USER_SCRIPT_SANDBOXING = YES;
				GCC_C_LANGUAGE_STANDARD = gnu17;
				GCC_DYNAMIC_NO_PIC = NO;
				GCC_NO_COMMON_BLOCKS = YES;
				GCC_OPTIMIZATION_LEVEL = 0;
				GCC_PREPROCESSOR_DEFINITIONS = (
					"DEBUG=1",
					"$(inherited)",
				);
				GCC_WARN_64_TO_32_BIT_CONVERSION = YES;
				GCC_WARN_ABOUT_RETURN_TYPE = YES_ERROR;
				GCC_WARN_UNDECLARED_SELECTOR = YES;
				GCC_WARN_UNINITIALIZED_AUTOS = YES_AGGRESSIVE;
				GCC_WARN_UNUSED_FUNCTION = YES;
				GCC_WARN_UNUSED_VARIABLE = YES;
				IPHONEOS_DEPLOYMENT_TARGET = 17.5;
				LOCALIZATION_PREFERS_STRING_CATALOGS = YES;
				MTL_ENABLE_DEBUG_INFO = INCLUDE_SOURCE;
				MTL_FAST_MATH = YES;
				ONLY_ACTIVE_ARCH = YES;
				SDKROOT = iphoneos;
				SWIFT_ACTIVE_COMPILATION_CONDITIONS = "DEBUG $(inherited)";
				SWIFT_OPTIMIZATION_LEVEL = "-Onone";
			};
			name = Debug;
		};
		BBF6670A2C20D1F400B42767 /* Release */ = {
			isa = XCBuildConfiguration;
			buildSettings = {
				ALWAYS_SEARCH_USER_PATHS = NO;
				ASSETCATALOG_COMPILER_GENERATE_SWIFT_ASSET_SYMBOL_EXTENSIONS = YES;
				CLANG_ANALYZER_NONNULL = YES;
				CLANG_ANALYZER_NUMBER_OBJECT_CONVERSION = YES_AGGRESSIVE;
				CLANG_CXX_LANGUAGE_STANDARD = "gnu++20";
				CLANG_ENABLE_MODULES = YES;
				CLANG_ENABLE_OBJC_ARC = YES;
				CLANG_ENABLE_OBJC_WEAK = YES;
				CLANG_WARN_BLOCK_CAPTURE_AUTORELEASING = YES;
				CLANG_WARN_BOOL_CONVERSION = YES;
				CLANG_WARN_COMMA = YES;
				CLANG_WARN_CONSTANT_CONVERSION = YES;
				CLANG_WARN_DEPRECATED_OBJC_IMPLEMENTATIONS = YES;
				CLANG_WARN_DIRECT_OBJC_ISA_USAGE = YES_ERROR;
				CLANG_WARN_DOCUMENTATION_COMMENTS = YES;
				CLANG_WARN_EMPTY_BODY = YES;
				CLANG_WARN_ENUM_CONVERSION = YES;
				CLANG_WARN_INFINITE_RECURSION = YES;
				CLANG_WARN_INT_CONVERSION = YES;
				CLANG_WARN_NON_LITERAL_NULL_CONVERSION = YES;
				CLANG_WARN_OBJC_IMPLICIT_RETAIN_SELF = YES;
				CLANG_WARN_OBJC_LITERAL_CONVERSION = YES;
				CLANG_WARN_OBJC_ROOT_CLASS = YES_ERROR;
				CLANG_WARN_QUOTED_INCLUDE_IN_FRAMEWORK_HEADER = YES;
				CLANG_WARN_RANGE_LOOP_ANALYSIS = YES;
				CLANG_WARN_STRICT_PROTOTYPES = YES;
				CLANG_WARN_SUSPICIOUS_MOVE = YES;
				CLANG_WARN_UNGUARDED_AVAILABILITY = YES_AGGRESSIVE;
				CLANG_WARN_UNREACHABLE_CODE = YES;
				CLANG_WARN__DUPLICATE_METHOD_MATCH = YES;
				COPY_PHASE_STRIP = NO;
				DEBUG_INFORMATION_FORMAT = "dwarf-with-dsym";
				ENABLE_NS_ASSERTIONS = NO;
				ENABLE_STRICT_OBJC_MSGSEND = YES;
				ENABLE_USER_SCRIPT_SANDBOXING = YES;
				GCC_C_LANGUAGE_STANDARD = gnu17;
				GCC_NO_COMMON_BLOCKS = YES;
				GCC_WARN_64_TO_32_BIT_CONVERSION = YES;
				GCC_WARN_ABOUT_RETURN_TYPE = YES_ERROR;
				GCC_WARN_UNDECLARED_SELECTOR = YES;
				GCC_WARN_UNINITIALIZED_AUTOS = YES_AGGRESSIVE;
				GCC_WARN_UNUSED_FUNCTION = YES;
				GCC_WARN_UNUSED_VARIABLE = YES;
				IPHONEOS_DEPLOYMENT_TARGET = 17.5;
				LOCALIZATION_PREFERS_STRING_CATALOGS = YES;
				MTL_ENABLE_DEBUG_INFO = NO;
				MTL_FAST_MATH = YES;
				SDKROOT = iphoneos;
				SWIFT_COMPILATION_MODE = wholemodule;
				VALIDATE_PRODUCT = YES;
			};
			name = Release;
		};
		BBF6670C2C20D1F400B42767 /* Debug */ = {
			isa = XCBuildConfiguration;
			buildSettings = {
				ASSETCATALOG_COMPILER_APPICON_NAME = AppIcon;
				ASSETCATALOG_COMPILER_GLOBAL_ACCENT_COLOR_NAME = AccentColor;
				CODE_SIGN_STYLE = Automatic;
				CURRENT_PROJECT_VERSION = 1;
				DEVELOPMENT_TEAM = XJFKTM4N7L;
				GENERATE_INFOPLIST_FILE = YES;
				INFOPLIST_FILE = OnlineStore/Info.plist;
				INFOPLIST_KEY_UIApplicationSupportsIndirectInputEvents = YES;
				INFOPLIST_KEY_UILaunchStoryboardName = LaunchScreen;
				INFOPLIST_KEY_UIMainStoryboardFile = Main;
				INFOPLIST_KEY_UISupportedInterfaceOrientations_iPad = "UIInterfaceOrientationPortrait UIInterfaceOrientationPortraitUpsideDown UIInterfaceOrientationLandscapeLeft UIInterfaceOrientationLandscapeRight";
				INFOPLIST_KEY_UISupportedInterfaceOrientations_iPhone = "UIInterfaceOrientationPortrait UIInterfaceOrientationLandscapeLeft UIInterfaceOrientationLandscapeRight";
				LD_RUNPATH_SEARCH_PATHS = (
					"$(inherited)",
					"@executable_path/Frameworks",
				);
				MARKETING_VERSION = 1.0;
				PRODUCT_BUNDLE_IDENTIFIER = EZ.OnlineStore;
				PRODUCT_NAME = "$(TARGET_NAME)";
				SWIFT_EMIT_LOC_STRINGS = YES;
				SWIFT_VERSION = 5.0;
				TARGETED_DEVICE_FAMILY = "1,2";
			};
			name = Debug;
		};
		BBF6670D2C20D1F400B42767 /* Release */ = {
			isa = XCBuildConfiguration;
			buildSettings = {
				ASSETCATALOG_COMPILER_APPICON_NAME = AppIcon;
				ASSETCATALOG_COMPILER_GLOBAL_ACCENT_COLOR_NAME = AccentColor;
				CODE_SIGN_STYLE = Automatic;
				CURRENT_PROJECT_VERSION = 1;
				DEVELOPMENT_TEAM = XJFKTM4N7L;
				GENERATE_INFOPLIST_FILE = YES;
				INFOPLIST_FILE = OnlineStore/Info.plist;
				INFOPLIST_KEY_UIApplicationSupportsIndirectInputEvents = YES;
				INFOPLIST_KEY_UILaunchStoryboardName = LaunchScreen;
				INFOPLIST_KEY_UIMainStoryboardFile = Main;
				INFOPLIST_KEY_UISupportedInterfaceOrientations_iPad = "UIInterfaceOrientationPortrait UIInterfaceOrientationPortraitUpsideDown UIInterfaceOrientationLandscapeLeft UIInterfaceOrientationLandscapeRight";
				INFOPLIST_KEY_UISupportedInterfaceOrientations_iPhone = "UIInterfaceOrientationPortrait UIInterfaceOrientationLandscapeLeft UIInterfaceOrientationLandscapeRight";
				LD_RUNPATH_SEARCH_PATHS = (
					"$(inherited)",
					"@executable_path/Frameworks",
				);
				MARKETING_VERSION = 1.0;
				PRODUCT_BUNDLE_IDENTIFIER = EZ.OnlineStore;
				PRODUCT_NAME = "$(TARGET_NAME)";
				SWIFT_EMIT_LOC_STRINGS = YES;
				SWIFT_VERSION = 5.0;
				TARGETED_DEVICE_FAMILY = "1,2";
			};
			name = Release;
		};
/* End XCBuildConfiguration section */

/* Begin XCConfigurationList section */
		BBF666F22C20D1F200B42767 /* Build configuration list for PBXProject "OnlineStore" */ = {
			isa = XCConfigurationList;
			buildConfigurations = (
				BBF667092C20D1F400B42767 /* Debug */,
				BBF6670A2C20D1F400B42767 /* Release */,
			);
			defaultConfigurationIsVisible = 0;
			defaultConfigurationName = Release;
		};
		BBF6670B2C20D1F400B42767 /* Build configuration list for PBXNativeTarget "OnlineStore" */ = {
			isa = XCConfigurationList;
			buildConfigurations = (
				BBF6670C2C20D1F400B42767 /* Debug */,
				BBF6670D2C20D1F400B42767 /* Release */,
			);
			defaultConfigurationIsVisible = 0;
			defaultConfigurationName = Release;
		};
/* End XCConfigurationList section */
	};
	rootObject = BBF666EF2C20D1F200B42767 /* Project object */;
}
